
Microsoft Visual Studio Solution File, Format Version 12.00
# Visual Studio 15
VisualStudioVersion = 15.0.28307.136
MinimumVisualStudioVersion = 10.0.40219.1
Project("{FAE04EC0-301F-11D3-BF4B-00C04F79EFBC}") = "CCPack", "CCPack\CCPack.csproj", "{ABE8CC76-4D32-4EF8-8030-25740DAAA5AC}"
EndProject
Project("{FAE04EC0-301F-11D3-BF4B-00C04F79EFBC}") = "TestForm.Android", "TestForm\TestForm.Android\TestForm.Android.csproj", "{B698C94A-C684-4598-BEFD-FDD303D5560F}"
EndProject
Project("{FAE04EC0-301F-11D3-BF4B-00C04F79EFBC}") = "TestForm.iOS", "TestForm\TestForm.iOS\TestForm.iOS.csproj", "{5EFC2117-B466-48BF-A136-B5692A8C056E}"
EndProject
Project("{FAE04EC0-301F-11D3-BF4B-00C04F79EFBC}") = "TestForm.UWP", "TestForm\TestForm.UWP\TestForm.UWP.csproj", "{1A7D4AC7-3D74-450C-AC7C-B30FAE8F8450}"
EndProject
Project("{FAE04EC0-301F-11D3-BF4B-00C04F79EFBC}") = "TestForm", "TestForm\TestForm\TestForm.csproj", "{CA8797EA-0E79-4225-BC0A-547FE1FFF0AD}"
EndProject
Global
	GlobalSection(SolutionConfigurationPlatforms) = preSolution
		Ad-Hoc|Any CPU = Ad-Hoc|Any CPU
		Ad-Hoc|ARM = Ad-Hoc|ARM
		Ad-Hoc|iPhone = Ad-Hoc|iPhone
		Ad-Hoc|iPhoneSimulator = Ad-Hoc|iPhoneSimulator
		Ad-Hoc|x64 = Ad-Hoc|x64
		Ad-Hoc|x86 = Ad-Hoc|x86
		AppStore|Any CPU = AppStore|Any CPU
		AppStore|ARM = AppStore|ARM
		AppStore|iPhone = AppStore|iPhone
		AppStore|iPhoneSimulator = AppStore|iPhoneSimulator
		AppStore|x64 = AppStore|x64
		AppStore|x86 = AppStore|x86
		Debug|Any CPU = Debug|Any CPU
		Debug|ARM = Debug|ARM
		Debug|iPhone = Debug|iPhone
		Debug|iPhoneSimulator = Debug|iPhoneSimulator
		Debug|x64 = Debug|x64
		Debug|x86 = Debug|x86
		Release|Any CPU = Release|Any CPU
		Release|ARM = Release|ARM
		Release|iPhone = Release|iPhone
		Release|iPhoneSimulator = Release|iPhoneSimulator
		Release|x64 = Release|x64
		Release|x86 = Release|x86
	EndGlobalSection
	GlobalSection(ProjectConfigurationPlatforms) = postSolution
		{ABE8CC76-4D32-4EF8-8030-25740DAAA5AC}.Ad-Hoc|Any CPU.ActiveCfg = Debug|Any CPU
		{ABE8CC76-4D32-4EF8-8030-25740DAAA5AC}.Ad-Hoc|Any CPU.Build.0 = Debug|Any CPU
		{ABE8CC76-4D32-4EF8-8030-25740DAAA5AC}.Ad-Hoc|ARM.ActiveCfg = Debug|Any CPU
		{ABE8CC76-4D32-4EF8-8030-25740DAAA5AC}.Ad-Hoc|ARM.Build.0 = Debug|Any CPU
		{ABE8CC76-4D32-4EF8-8030-25740DAAA5AC}.Ad-Hoc|iPhone.ActiveCfg = Debug|Any CPU
		{ABE8CC76-4D32-4EF8-8030-25740DAAA5AC}.Ad-Hoc|iPhone.Build.0 = Debug|Any CPU
		{ABE8CC76-4D32-4EF8-8030-25740DAAA5AC}.Ad-Hoc|iPhoneSimulator.ActiveCfg = Debug|Any CPU
		{ABE8CC76-4D32-4EF8-8030-25740DAAA5AC}.Ad-Hoc|iPhoneSimulator.Build.0 = Debug|Any CPU
		{ABE8CC76-4D32-4EF8-8030-25740DAAA5AC}.Ad-Hoc|x64.ActiveCfg = Debug|Any CPU
		{ABE8CC76-4D32-4EF8-8030-25740DAAA5AC}.Ad-Hoc|x64.Build.0 = Debug|Any CPU
		{ABE8CC76-4D32-4EF8-8030-25740DAAA5AC}.Ad-Hoc|x86.ActiveCfg = Debug|Any CPU
		{ABE8CC76-4D32-4EF8-8030-25740DAAA5AC}.Ad-Hoc|x86.Build.0 = Debug|Any CPU
		{ABE8CC76-4D32-4EF8-8030-25740DAAA5AC}.AppStore|Any CPU.ActiveCfg = Debug|Any CPU
		{ABE8CC76-4D32-4EF8-8030-25740DAAA5AC}.AppStore|Any CPU.Build.0 = Debug|Any CPU
		{ABE8CC76-4D32-4EF8-8030-25740DAAA5AC}.AppStore|ARM.ActiveCfg = Debug|Any CPU
		{ABE8CC76-4D32-4EF8-8030-25740DAAA5AC}.AppStore|ARM.Build.0 = Debug|Any CPU
		{ABE8CC76-4D32-4EF8-8030-25740DAAA5AC}.AppStore|iPhone.ActiveCfg = Debug|Any CPU
		{ABE8CC76-4D32-4EF8-8030-25740DAAA5AC}.AppStore|iPhone.Build.0 = Debug|Any CPU
		{ABE8CC76-4D32-4EF8-8030-25740DAAA5AC}.AppStore|iPhoneSimulator.ActiveCfg = Debug|Any CPU
		{ABE8CC76-4D32-4EF8-8030-25740DAAA5AC}.AppStore|iPhoneSimulator.Build.0 = Debug|Any CPU
		{ABE8CC76-4D32-4EF8-8030-25740DAAA5AC}.AppStore|x64.ActiveCfg = Debug|Any CPU
		{ABE8CC76-4D32-4EF8-8030-25740DAAA5AC}.AppStore|x64.Build.0 = Debug|Any CPU
		{ABE8CC76-4D32-4EF8-8030-25740DAAA5AC}.AppStore|x86.ActiveCfg = Debug|Any CPU
		{ABE8CC76-4D32-4EF8-8030-25740DAAA5AC}.AppStore|x86.Build.0 = Debug|Any CPU
		{ABE8CC76-4D32-4EF8-8030-25740DAAA5AC}.Debug|Any CPU.ActiveCfg = Debug|Any CPU
		{ABE8CC76-4D32-4EF8-8030-25740DAAA5AC}.Debug|Any CPU.Build.0 = Debug|Any CPU
		{ABE8CC76-4D32-4EF8-8030-25740DAAA5AC}.Debug|ARM.ActiveCfg = Debug|Any CPU
		{ABE8CC76-4D32-4EF8-8030-25740DAAA5AC}.Debug|ARM.Build.0 = Debug|Any CPU
		{ABE8CC76-4D32-4EF8-8030-25740DAAA5AC}.Debug|iPhone.ActiveCfg = Debug|Any CPU
		{ABE8CC76-4D32-4EF8-8030-25740DAAA5AC}.Debug|iPhone.Build.0 = Debug|Any CPU
		{ABE8CC76-4D32-4EF8-8030-25740DAAA5AC}.Debug|iPhoneSimulator.ActiveCfg = Debug|Any CPU
		{ABE8CC76-4D32-4EF8-8030-25740DAAA5AC}.Debug|iPhoneSimulator.Build.0 = Debug|Any CPU
		{ABE8CC76-4D32-4EF8-8030-25740DAAA5AC}.Debug|x64.ActiveCfg = Debug|Any CPU
		{ABE8CC76-4D32-4EF8-8030-25740DAAA5AC}.Debug|x64.Build.0 = Debug|Any CPU
		{ABE8CC76-4D32-4EF8-8030-25740DAAA5AC}.Debug|x86.ActiveCfg = Debug|Any CPU
		{ABE8CC76-4D32-4EF8-8030-25740DAAA5AC}.Debug|x86.Build.0 = Debug|Any CPU
		{ABE8CC76-4D32-4EF8-8030-25740DAAA5AC}.Release|Any CPU.ActiveCfg = Release|Any CPU
		{ABE8CC76-4D32-4EF8-8030-25740DAAA5AC}.Release|Any CPU.Build.0 = Release|Any CPU
		{ABE8CC76-4D32-4EF8-8030-25740DAAA5AC}.Release|ARM.ActiveCfg = Release|Any CPU
		{ABE8CC76-4D32-4EF8-8030-25740DAAA5AC}.Release|ARM.Build.0 = Release|Any CPU
		{ABE8CC76-4D32-4EF8-8030-25740DAAA5AC}.Release|iPhone.ActiveCfg = Release|Any CPU
		{ABE8CC76-4D32-4EF8-8030-25740DAAA5AC}.Release|iPhone.Build.0 = Release|Any CPU
		{ABE8CC76-4D32-4EF8-8030-25740DAAA5AC}.Release|iPhoneSimulator.ActiveCfg = Release|Any CPU
		{ABE8CC76-4D32-4EF8-8030-25740DAAA5AC}.Release|iPhoneSimulator.Build.0 = Release|Any CPU
		{ABE8CC76-4D32-4EF8-8030-25740DAAA5AC}.Release|x64.ActiveCfg = Release|Any CPU
		{ABE8CC76-4D32-4EF8-8030-25740DAAA5AC}.Release|x64.Build.0 = Release|Any CPU
		{ABE8CC76-4D32-4EF8-8030-25740DAAA5AC}.Release|x86.ActiveCfg = Release|Any CPU
		{ABE8CC76-4D32-4EF8-8030-25740DAAA5AC}.Release|x86.Build.0 = Release|Any CPU
		{B698C94A-C684-4598-BEFD-FDD303D5560F}.Ad-Hoc|Any CPU.ActiveCfg = Release|Any CPU
		{B698C94A-C684-4598-BEFD-FDD303D5560F}.Ad-Hoc|Any CPU.Build.0 = Release|Any CPU
		{B698C94A-C684-4598-BEFD-FDD303D5560F}.Ad-Hoc|Any CPU.Deploy.0 = Release|Any CPU
		{B698C94A-C684-4598-BEFD-FDD303D5560F}.Ad-Hoc|ARM.ActiveCfg = Release|Any CPU
		{B698C94A-C684-4598-BEFD-FDD303D5560F}.Ad-Hoc|ARM.Build.0 = Release|Any CPU
		{B698C94A-C684-4598-BEFD-FDD303D5560F}.Ad-Hoc|ARM.Deploy.0 = Release|Any CPU
		{B698C94A-C684-4598-BEFD-FDD303D5560F}.Ad-Hoc|iPhone.ActiveCfg = Release|Any CPU
		{B698C94A-C684-4598-BEFD-FDD303D5560F}.Ad-Hoc|iPhone.Build.0 = Release|Any CPU
		{B698C94A-C684-4598-BEFD-FDD303D5560F}.Ad-Hoc|iPhone.Deploy.0 = Release|Any CPU
		{B698C94A-C684-4598-BEFD-FDD303D5560F}.Ad-Hoc|iPhoneSimulator.ActiveCfg = Release|Any CPU
		{B698C94A-C684-4598-BEFD-FDD303D5560F}.Ad-Hoc|iPhoneSimulator.Build.0 = Release|Any CPU
		{B698C94A-C684-4598-BEFD-FDD303D5560F}.Ad-Hoc|iPhoneSimulator.Deploy.0 = Release|Any CPU
		{B698C94A-C684-4598-BEFD-FDD303D5560F}.Ad-Hoc|x64.ActiveCfg = Release|Any CPU
		{B698C94A-C684-4598-BEFD-FDD303D5560F}.Ad-Hoc|x64.Build.0 = Release|Any CPU
		{B698C94A-C684-4598-BEFD-FDD303D5560F}.Ad-Hoc|x64.Deploy.0 = Release|Any CPU
		{B698C94A-C684-4598-BEFD-FDD303D5560F}.Ad-Hoc|x86.ActiveCfg = Release|Any CPU
		{B698C94A-C684-4598-BEFD-FDD303D5560F}.Ad-Hoc|x86.Build.0 = Release|Any CPU
		{B698C94A-C684-4598-BEFD-FDD303D5560F}.Ad-Hoc|x86.Deploy.0 = Release|Any CPU
		{B698C94A-C684-4598-BEFD-FDD303D5560F}.AppStore|Any CPU.ActiveCfg = Release|Any CPU
		{B698C94A-C684-4598-BEFD-FDD303D5560F}.AppStore|Any CPU.Build.0 = Release|Any CPU
		{B698C94A-C684-4598-BEFD-FDD303D5560F}.AppStore|Any CPU.Deploy.0 = Release|Any CPU
		{B698C94A-C684-4598-BEFD-FDD303D5560F}.AppStore|ARM.ActiveCfg = Release|Any CPU
		{B698C94A-C684-4598-BEFD-FDD303D5560F}.AppStore|ARM.Build.0 = Release|Any CPU
		{B698C94A-C684-4598-BEFD-FDD303D5560F}.AppStore|ARM.Deploy.0 = Release|Any CPU
		{B698C94A-C684-4598-BEFD-FDD303D5560F}.AppStore|iPhone.ActiveCfg = Release|Any CPU
		{B698C94A-C684-4598-BEFD-FDD303D5560F}.AppStore|iPhone.Build.0 = Release|Any CPU
		{B698C94A-C684-4598-BEFD-FDD303D5560F}.AppStore|iPhone.Deploy.0 = Release|Any CPU
		{B698C94A-C684-4598-BEFD-FDD303D5560F}.AppStore|iPhoneSimulator.ActiveCfg = Release|Any CPU
		{B698C94A-C684-4598-BEFD-FDD303D5560F}.AppStore|iPhoneSimulator.Build.0 = Release|Any CPU
		{B698C94A-C684-4598-BEFD-FDD303D5560F}.AppStore|iPhoneSimulator.Deploy.0 = Release|Any CPU
		{B698C94A-C684-4598-BEFD-FDD303D5560F}.AppStore|x64.ActiveCfg = Release|Any CPU
		{B698C94A-C684-4598-BEFD-FDD303D5560F}.AppStore|x64.Build.0 = Release|Any CPU
		{B698C94A-C684-4598-BEFD-FDD303D5560F}.AppStore|x64.Deploy.0 = Release|Any CPU
		{B698C94A-C684-4598-BEFD-FDD303D5560F}.AppStore|x86.ActiveCfg = Release|Any CPU
		{B698C94A-C684-4598-BEFD-FDD303D5560F}.AppStore|x86.Build.0 = Release|Any CPU
		{B698C94A-C684-4598-BEFD-FDD303D5560F}.AppStore|x86.Deploy.0 = Release|Any CPU
		{B698C94A-C684-4598-BEFD-FDD303D5560F}.Debug|Any CPU.ActiveCfg = Debug|Any CPU
		{B698C94A-C684-4598-BEFD-FDD303D5560F}.Debug|Any CPU.Build.0 = Debug|Any CPU
		{B698C94A-C684-4598-BEFD-FDD303D5560F}.Debug|Any CPU.Deploy.0 = Debug|Any CPU
		{B698C94A-C684-4598-BEFD-FDD303D5560F}.Debug|ARM.ActiveCfg = Debug|Any CPU
		{B698C94A-C684-4598-BEFD-FDD303D5560F}.Debug|ARM.Build.0 = Debug|Any CPU
		{B698C94A-C684-4598-BEFD-FDD303D5560F}.Debug|ARM.Deploy.0 = Debug|Any CPU
		{B698C94A-C684-4598-BEFD-FDD303D5560F}.Debug|iPhone.ActiveCfg = Debug|Any CPU
		{B698C94A-C684-4598-BEFD-FDD303D5560F}.Debug|iPhone.Build.0 = Debug|Any CPU
		{B698C94A-C684-4598-BEFD-FDD303D5560F}.Debug|iPhone.Deploy.0 = Debug|Any CPU
		{B698C94A-C684-4598-BEFD-FDD303D5560F}.Debug|iPhoneSimulator.ActiveCfg = Debug|Any CPU
		{B698C94A-C684-4598-BEFD-FDD303D5560F}.Debug|iPhoneSimulator.Build.0 = Debug|Any CPU
		{B698C94A-C684-4598-BEFD-FDD303D5560F}.Debug|iPhoneSimulator.Deploy.0 = Debug|Any CPU
		{B698C94A-C684-4598-BEFD-FDD303D5560F}.Debug|x64.ActiveCfg = Debug|Any CPU
		{B698C94A-C684-4598-BEFD-FDD303D5560F}.Debug|x64.Build.0 = Debug|Any CPU
		{B698C94A-C684-4598-BEFD-FDD303D5560F}.Debug|x64.Deploy.0 = Debug|Any CPU
		{B698C94A-C684-4598-BEFD-FDD303D5560F}.Debug|x86.ActiveCfg = Debug|Any CPU
		{B698C94A-C684-4598-BEFD-FDD303D5560F}.Debug|x86.Build.0 = Debug|Any CPU
		{B698C94A-C684-4598-BEFD-FDD303D5560F}.Debug|x86.Deploy.0 = Debug|Any CPU
		{B698C94A-C684-4598-BEFD-FDD303D5560F}.Release|Any CPU.ActiveCfg = Release|Any CPU
		{B698C94A-C684-4598-BEFD-FDD303D5560F}.Release|Any CPU.Build.0 = Release|Any CPU
		{B698C94A-C684-4598-BEFD-FDD303D5560F}.Release|Any CPU.Deploy.0 = Release|Any CPU
		{B698C94A-C684-4598-BEFD-FDD303D5560F}.Release|ARM.ActiveCfg = Release|Any CPU
		{B698C94A-C684-4598-BEFD-FDD303D5560F}.Release|ARM.Build.0 = Release|Any CPU
		{B698C94A-C684-4598-BEFD-FDD303D5560F}.Release|ARM.Deploy.0 = Release|Any CPU
		{B698C94A-C684-4598-BEFD-FDD303D5560F}.Release|iPhone.ActiveCfg = Release|Any CPU
		{B698C94A-C684-4598-BEFD-FDD303D5560F}.Release|iPhone.Build.0 = Release|Any CPU
		{B698C94A-C684-4598-BEFD-FDD303D5560F}.Release|iPhone.Deploy.0 = Release|Any CPU
		{B698C94A-C684-4598-BEFD-FDD303D5560F}.Release|iPhoneSimulator.ActiveCfg = Release|Any CPU
		{B698C94A-C684-4598-BEFD-FDD303D5560F}.Release|iPhoneSimulator.Build.0 = Release|Any CPU
		{B698C94A-C684-4598-BEFD-FDD303D5560F}.Release|iPhoneSimulator.Deploy.0 = Release|Any CPU
		{B698C94A-C684-4598-BEFD-FDD303D5560F}.Release|x64.ActiveCfg = Release|Any CPU
		{B698C94A-C684-4598-BEFD-FDD303D5560F}.Release|x64.Build.0 = Release|Any CPU
		{B698C94A-C684-4598-BEFD-FDD303D5560F}.Release|x64.Deploy.0 = Release|Any CPU
		{B698C94A-C684-4598-BEFD-FDD303D5560F}.Release|x86.ActiveCfg = Release|Any CPU
		{B698C94A-C684-4598-BEFD-FDD303D5560F}.Release|x86.Build.0 = Release|Any CPU
		{B698C94A-C684-4598-BEFD-FDD303D5560F}.Release|x86.Deploy.0 = Release|Any CPU
		{5EFC2117-B466-48BF-A136-B5692A8C056E}.Ad-Hoc|Any CPU.ActiveCfg = Ad-Hoc|iPhone
		{5EFC2117-B466-48BF-A136-B5692A8C056E}.Ad-Hoc|ARM.ActiveCfg = Ad-Hoc|iPhone
		{5EFC2117-B466-48BF-A136-B5692A8C056E}.Ad-Hoc|iPhone.ActiveCfg = Ad-Hoc|iPhone
		{5EFC2117-B466-48BF-A136-B5692A8C056E}.Ad-Hoc|iPhone.Build.0 = Ad-Hoc|iPhone
		{5EFC2117-B466-48BF-A136-B5692A8C056E}.Ad-Hoc|iPhoneSimulator.ActiveCfg = Ad-Hoc|iPhoneSimulator
		{5EFC2117-B466-48BF-A136-B5692A8C056E}.Ad-Hoc|iPhoneSimulator.Build.0 = Ad-Hoc|iPhoneSimulator
		{5EFC2117-B466-48BF-A136-B5692A8C056E}.Ad-Hoc|x64.ActiveCfg = Ad-Hoc|iPhone
		{5EFC2117-B466-48BF-A136-B5692A8C056E}.Ad-Hoc|x86.ActiveCfg = Ad-Hoc|iPhone
		{5EFC2117-B466-48BF-A136-B5692A8C056E}.AppStore|Any CPU.ActiveCfg = AppStore|iPhone
		{5EFC2117-B466-48BF-A136-B5692A8C056E}.AppStore|ARM.ActiveCfg = AppStore|iPhone
		{5EFC2117-B466-48BF-A136-B5692A8C056E}.AppStore|iPhone.ActiveCfg = AppStore|iPhone
		{5EFC2117-B466-48BF-A136-B5692A8C056E}.AppStore|iPhone.Build.0 = AppStore|iPhone
		{5EFC2117-B466-48BF-A136-B5692A8C056E}.AppStore|iPhoneSimulator.ActiveCfg = AppStore|iPhoneSimulator
		{5EFC2117-B466-48BF-A136-B5692A8C056E}.AppStore|iPhoneSimulator.Build.0 = AppStore|iPhoneSimulator
		{5EFC2117-B466-48BF-A136-B5692A8C056E}.AppStore|x64.ActiveCfg = AppStore|iPhone
		{5EFC2117-B466-48BF-A136-B5692A8C056E}.AppStore|x86.ActiveCfg = AppStore|iPhone
		{5EFC2117-B466-48BF-A136-B5692A8C056E}.Debug|Any CPU.ActiveCfg = Debug|iPhone
		{5EFC2117-B466-48BF-A136-B5692A8C056E}.Debug|ARM.ActiveCfg = Debug|iPhone
		{5EFC2117-B466-48BF-A136-B5692A8C056E}.Debug|iPhone.ActiveCfg = Debug|iPhone
		{5EFC2117-B466-48BF-A136-B5692A8C056E}.Debug|iPhone.Build.0 = Debug|iPhone
		{5EFC2117-B466-48BF-A136-B5692A8C056E}.Debug|iPhoneSimulator.ActiveCfg = Debug|iPhoneSimulator
		{5EFC2117-B466-48BF-A136-B5692A8C056E}.Debug|iPhoneSimulator.Build.0 = Debug|iPhoneSimulator
		{5EFC2117-B466-48BF-A136-B5692A8C056E}.Debug|x64.ActiveCfg = Debug|iPhone
		{5EFC2117-B466-48BF-A136-B5692A8C056E}.Debug|x86.ActiveCfg = Debug|iPhone
		{5EFC2117-B466-48BF-A136-B5692A8C056E}.Release|Any CPU.ActiveCfg = Release|iPhone
		{5EFC2117-B466-48BF-A136-B5692A8C056E}.Release|ARM.ActiveCfg = Release|iPhone
		{5EFC2117-B466-48BF-A136-B5692A8C056E}.Release|iPhone.ActiveCfg = Release|iPhone
		{5EFC2117-B466-48BF-A136-B5692A8C056E}.Release|iPhone.Build.0 = Release|iPhone
		{5EFC2117-B466-48BF-A136-B5692A8C056E}.Release|iPhoneSimulator.ActiveCfg = Release|iPhoneSimulator
		{5EFC2117-B466-48BF-A136-B5692A8C056E}.Release|iPhoneSimulator.Build.0 = Release|iPhoneSimulator
		{5EFC2117-B466-48BF-A136-B5692A8C056E}.Release|x64.ActiveCfg = Release|iPhone
		{5EFC2117-B466-48BF-A136-B5692A8C056E}.Release|x86.ActiveCfg = Release|iPhone
		{1A7D4AC7-3D74-450C-AC7C-B30FAE8F8450}.Ad-Hoc|Any CPU.ActiveCfg = Release|x86
		{1A7D4AC7-3D74-450C-AC7C-B30FAE8F8450}.Ad-Hoc|Any CPU.Build.0 = Release|x86
		{1A7D4AC7-3D74-450C-AC7C-B30FAE8F8450}.Ad-Hoc|Any CPU.Deploy.0 = Release|x86
		{1A7D4AC7-3D74-450C-AC7C-B30FAE8F8450}.Ad-Hoc|ARM.ActiveCfg = Release|ARM
		{1A7D4AC7-3D74-450C-AC7C-B30FAE8F8450}.Ad-Hoc|ARM.Build.0 = Release|ARM
		{1A7D4AC7-3D74-450C-AC7C-B30FAE8F8450}.Ad-Hoc|ARM.Deploy.0 = Release|ARM
		{1A7D4AC7-3D74-450C-AC7C-B30FAE8F8450}.Ad-Hoc|iPhone.ActiveCfg = Release|x86
		{1A7D4AC7-3D74-450C-AC7C-B30FAE8F8450}.Ad-Hoc|iPhone.Build.0 = Release|x86
		{1A7D4AC7-3D74-450C-AC7C-B30FAE8F8450}.Ad-Hoc|iPhone.Deploy.0 = Release|x86
		{1A7D4AC7-3D74-450C-AC7C-B30FAE8F8450}.Ad-Hoc|iPhoneSimulator.ActiveCfg = Release|x86
		{1A7D4AC7-3D74-450C-AC7C-B30FAE8F8450}.Ad-Hoc|iPhoneSimulator.Build.0 = Release|x86
		{1A7D4AC7-3D74-450C-AC7C-B30FAE8F8450}.Ad-Hoc|iPhoneSimulator.Deploy.0 = Release|x86
		{1A7D4AC7-3D74-450C-AC7C-B30FAE8F8450}.Ad-Hoc|x64.ActiveCfg = Release|x64
		{1A7D4AC7-3D74-450C-AC7C-B30FAE8F8450}.Ad-Hoc|x64.Build.0 = Release|x64
		{1A7D4AC7-3D74-450C-AC7C-B30FAE8F8450}.Ad-Hoc|x64.Deploy.0 = Release|x64
		{1A7D4AC7-3D74-450C-AC7C-B30FAE8F8450}.Ad-Hoc|x86.ActiveCfg = Release|x86
		{1A7D4AC7-3D74-450C-AC7C-B30FAE8F8450}.Ad-Hoc|x86.Build.0 = Release|x86
		{1A7D4AC7-3D74-450C-AC7C-B30FAE8F8450}.Ad-Hoc|x86.Deploy.0 = Release|x86
		{1A7D4AC7-3D74-450C-AC7C-B30FAE8F8450}.AppStore|Any CPU.ActiveCfg = Release|x86
		{1A7D4AC7-3D74-450C-AC7C-B30FAE8F8450}.AppStore|Any CPU.Build.0 = Release|x86
		{1A7D4AC7-3D74-450C-AC7C-B30FAE8F8450}.AppStore|Any CPU.Deploy.0 = Release|x86
		{1A7D4AC7-3D74-450C-AC7C-B30FAE8F8450}.AppStore|ARM.ActiveCfg = Release|ARM
		{1A7D4AC7-3D74-450C-AC7C-B30FAE8F8450}.AppStore|ARM.Build.0 = Release|ARM
		{1A7D4AC7-3D74-450C-AC7C-B30FAE8F8450}.AppStore|ARM.Deploy.0 = Release|ARM
		{1A7D4AC7-3D74-450C-AC7C-B30FAE8F8450}.AppStore|iPhone.ActiveCfg = Release|x86
		{1A7D4AC7-3D74-450C-AC7C-B30FAE8F8450}.AppStore|iPhone.Build.0 = Release|x86
		{1A7D4AC7-3D74-450C-AC7C-B30FAE8F8450}.AppStore|iPhone.Deploy.0 = Release|x86
		{1A7D4AC7-3D74-450C-AC7C-B30FAE8F8450}.AppStore|iPhoneSimulator.ActiveCfg = Release|x86
		{1A7D4AC7-3D74-450C-AC7C-B30FAE8F8450}.AppStore|iPhoneSimulator.Build.0 = Release|x86
		{1A7D4AC7-3D74-450C-AC7C-B30FAE8F8450}.AppStore|iPhoneSimulator.Deploy.0 = Release|x86
		{1A7D4AC7-3D74-450C-AC7C-B30FAE8F8450}.AppStore|x64.ActiveCfg = Release|x64
		{1A7D4AC7-3D74-450C-AC7C-B30FAE8F8450}.AppStore|x64.Build.0 = Release|x64
		{1A7D4AC7-3D74-450C-AC7C-B30FAE8F8450}.AppStore|x64.Deploy.0 = Release|x64
		{1A7D4AC7-3D74-450C-AC7C-B30FAE8F8450}.AppStore|x86.ActiveCfg = Release|x86
		{1A7D4AC7-3D74-450C-AC7C-B30FAE8F8450}.AppStore|x86.Build.0 = Release|x86
		{1A7D4AC7-3D74-450C-AC7C-B30FAE8F8450}.AppStore|x86.Deploy.0 = Release|x86
		{1A7D4AC7-3D74-450C-AC7C-B30FAE8F8450}.Debug|Any CPU.ActiveCfg = Debug|x86
		{1A7D4AC7-3D74-450C-AC7C-B30FAE8F8450}.Debug|ARM.ActiveCfg = Debug|ARM
		{1A7D4AC7-3D74-450C-AC7C-B30FAE8F8450}.Debug|ARM.Build.0 = Debug|ARM
		{1A7D4AC7-3D74-450C-AC7C-B30FAE8F8450}.Debug|ARM.Deploy.0 = Debug|ARM
		{1A7D4AC7-3D74-450C-AC7C-B30FAE8F8450}.Debug|iPhone.ActiveCfg = Debug|x86
		{1A7D4AC7-3D74-450C-AC7C-B30FAE8F8450}.Debug|iPhoneSimulator.ActiveCfg = Debug|x86
		{1A7D4AC7-3D74-450C-AC7C-B30FAE8F8450}.Debug|x64.ActiveCfg = Debug|x64
		{1A7D4AC7-3D74-450C-AC7C-B30FAE8F8450}.Debug|x64.Build.0 = Debug|x64
		{1A7D4AC7-3D74-450C-AC7C-B30FAE8F8450}.Debug|x64.Deploy.0 = Debug|x64
		{1A7D4AC7-3D74-450C-AC7C-B30FAE8F8450}.Debug|x86.ActiveCfg = Debug|x86
		{1A7D4AC7-3D74-450C-AC7C-B30FAE8F8450}.Debug|x86.Build.0 = Debug|x86
		{1A7D4AC7-3D74-450C-AC7C-B30FAE8F8450}.Debug|x86.Deploy.0 = Debug|x86
		{1A7D4AC7-3D74-450C-AC7C-B30FAE8F8450}.Release|Any CPU.ActiveCfg = Release|x86
		{1A7D4AC7-3D74-450C-AC7C-B30FAE8F8450}.Release|ARM.ActiveCfg = Release|ARM
		{1A7D4AC7-3D74-450C-AC7C-B30FAE8F8450}.Release|ARM.Build.0 = Release|ARM
		{1A7D4AC7-3D74-450C-AC7C-B30FAE8F8450}.Release|ARM.Deploy.0 = Release|ARM
		{1A7D4AC7-3D74-450C-AC7C-B30FAE8F8450}.Release|iPhone.ActiveCfg = Release|x86
		{1A7D4AC7-3D74-450C-AC7C-B30FAE8F8450}.Release|iPhoneSimulator.ActiveCfg = Release|x86
		{1A7D4AC7-3D74-450C-AC7C-B30FAE8F8450}.Release|x64.ActiveCfg = Release|x64
		{1A7D4AC7-3D74-450C-AC7C-B30FAE8F8450}.Release|x64.Build.0 = Release|x64
		{1A7D4AC7-3D74-450C-AC7C-B30FAE8F8450}.Release|x64.Deploy.0 = Release|x64
		{1A7D4AC7-3D74-450C-AC7C-B30FAE8F8450}.Release|x86.ActiveCfg = Release|x86
		{1A7D4AC7-3D74-450C-AC7C-B30FAE8F8450}.Release|x86.Build.0 = Release|x86
		{1A7D4AC7-3D74-450C-AC7C-B30FAE8F8450}.Release|x86.Deploy.0 = Release|x86
		{CA8797EA-0E79-4225-BC0A-547FE1FFF0AD}.Ad-Hoc|Any CPU.ActiveCfg = Debug|Any CPU
		{CA8797EA-0E79-4225-BC0A-547FE1FFF0AD}.Ad-Hoc|Any CPU.Build.0 = Debug|Any CPU
		{CA8797EA-0E79-4225-BC0A-547FE1FFF0AD}.Ad-Hoc|ARM.ActiveCfg = Debug|Any CPU
		{CA8797EA-0E79-4225-BC0A-547FE1FFF0AD}.Ad-Hoc|ARM.Build.0 = Debug|Any CPU
		{CA8797EA-0E79-4225-BC0A-547FE1FFF0AD}.Ad-Hoc|iPhone.ActiveCfg = Debug|Any CPU
		{CA8797EA-0E79-4225-BC0A-547FE1FFF0AD}.Ad-Hoc|iPhone.Build.0 = Debug|Any CPU
		{CA8797EA-0E79-4225-BC0A-547FE1FFF0AD}.Ad-Hoc|iPhoneSimulator.ActiveCfg = Debug|Any CPU
		{CA8797EA-0E79-4225-BC0A-547FE1FFF0AD}.Ad-Hoc|iPhoneSimulator.Build.0 = Debug|Any CPU
		{CA8797EA-0E79-4225-BC0A-547FE1FFF0AD}.Ad-Hoc|x64.ActiveCfg = Debug|Any CPU
		{CA8797EA-0E79-4225-BC0A-547FE1FFF0AD}.Ad-Hoc|x64.Build.0 = Debug|Any CPU
		{CA8797EA-0E79-4225-BC0A-547FE1FFF0AD}.Ad-Hoc|x86.ActiveCfg = Debug|Any CPU
		{CA8797EA-0E79-4225-BC0A-547FE1FFF0AD}.Ad-Hoc|x86.Build.0 = Debug|Any CPU
		{CA8797EA-0E79-4225-BC0A-547FE1FFF0AD}.AppStore|Any CPU.ActiveCfg = Debug|Any CPU
		{CA8797EA-0E79-4225-BC0A-547FE1FFF0AD}.AppStore|Any CPU.Build.0 = Debug|Any CPU
		{CA8797EA-0E79-4225-BC0A-547FE1FFF0AD}.AppStore|ARM.ActiveCfg = Debug|Any CPU
		{CA8797EA-0E79-4225-BC0A-547FE1FFF0AD}.AppStore|ARM.Build.0 = Debug|Any CPU
		{CA8797EA-0E79-4225-BC0A-547FE1FFF0AD}.AppStore|iPhone.ActiveCfg = Debug|Any CPU
		{CA8797EA-0E79-4225-BC0A-547FE1FFF0AD}.AppStore|iPhone.Build.0 = Debug|Any CPU
		{CA8797EA-0E79-4225-BC0A-547FE1FFF0AD}.AppStore|iPhoneSimulator.ActiveCfg = Debug|Any CPU
		{CA8797EA-0E79-4225-BC0A-547FE1FFF0AD}.AppStore|iPhoneSimulator.Build.0 = Debug|Any CPU
		{CA8797EA-0E79-4225-BC0A-547FE1FFF0AD}.AppStore|x64.ActiveCfg = Debug|Any CPU
		{CA8797EA-0E79-4225-BC0A-547FE1FFF0AD}.AppStore|x64.Build.0 = Debug|Any CPU
		{CA8797EA-0E79-4225-BC0A-547FE1FFF0AD}.AppStore|x86.ActiveCfg = Debug|Any CPU
		{CA8797EA-0E79-4225-BC0A-547FE1FFF0AD}.AppStore|x86.Build.0 = Debug|Any CPU
		{CA8797EA-0E79-4225-BC0A-547FE1FFF0AD}.Debug|Any CPU.ActiveCfg = Debug|Any CPU
		{CA8797EA-0E79-4225-BC0A-547FE1FFF0AD}.Debug|Any CPU.Build.0 = Debug|Any CPU
		{CA8797EA-0E79-4225-BC0A-547FE1FFF0AD}.Debug|ARM.ActiveCfg = Debug|Any CPU
		{CA8797EA-0E79-4225-BC0A-547FE1FFF0AD}.Debug|ARM.Build.0 = Debug|Any CPU
		{CA8797EA-0E79-4225-BC0A-547FE1FFF0AD}.Debug|iPhone.ActiveCfg = Debug|Any CPU
		{CA8797EA-0E79-4225-BC0A-547FE1FFF0AD}.Debug|iPhone.Build.0 = Debug|Any CPU
		{CA8797EA-0E79-4225-BC0A-547FE1FFF0AD}.Debug|iPhoneSimulator.ActiveCfg = Debug|Any CPU
		{CA8797EA-0E79-4225-BC0A-547FE1FFF0AD}.Debug|iPhoneSimulator.Build.0 = Debug|Any CPU
		{CA8797EA-0E79-4225-BC0A-547FE1FFF0AD}.Debug|x64.ActiveCfg = Debug|Any CPU
		{CA8797EA-0E79-4225-BC0A-547FE1FFF0AD}.Debug|x64.Build.0 = Debug|Any CPU
		{CA8797EA-0E79-4225-BC0A-547FE1FFF0AD}.Debug|x86.ActiveCfg = Debug|Any CPU
		{CA8797EA-0E79-4225-BC0A-547FE1FFF0AD}.Debug|x86.Build.0 = Debug|Any CPU
		{CA8797EA-0E79-4225-BC0A-547FE1FFF0AD}.Release|Any CPU.ActiveCfg = Release|Any CPU
		{CA8797EA-0E79-4225-BC0A-547FE1FFF0AD}.Release|Any CPU.Build.0 = Release|Any CPU
		{CA8797EA-0E79-4225-BC0A-547FE1FFF0AD}.Release|ARM.ActiveCfg = Release|Any CPU
		{CA8797EA-0E79-4225-BC0A-547FE1FFF0AD}.Release|ARM.Build.0 = Release|Any CPU
		{CA8797EA-0E79-4225-BC0A-547FE1FFF0AD}.Release|iPhone.ActiveCfg = Release|Any CPU
		{CA8797EA-0E79-4225-BC0A-547FE1FFF0AD}.Release|iPhone.Build.0 = Release|Any CPU
		{CA8797EA-0E79-4225-BC0A-547FE1FFF0AD}.Release|iPhoneSimulator.ActiveCfg = Release|Any CPU
		{CA8797EA-0E79-4225-BC0A-547FE1FFF0AD}.Release|iPhoneSimulator.Build.0 = Release|Any CPU
		{CA8797EA-0E79-4225-BC0A-547FE1FFF0AD}.Release|x64.ActiveCfg = Release|Any CPU
		{CA8797EA-0E79-4225-BC0A-547FE1FFF0AD}.Release|x64.Build.0 = Release|Any CPU
		{CA8797EA-0E79-4225-BC0A-547FE1FFF0AD}.Release|x86.ActiveCfg = Release|Any CPU
		{CA8797EA-0E79-4225-BC0A-547FE1FFF0AD}.Release|x86.Build.0 = Release|Any CPU
	EndGlobalSection
	GlobalSection(SolutionProperties) = preSolution
		HideSolutionNode = FALSE
	EndGlobalSection
	GlobalSection(ExtensibilityGlobals) = postSolution
		SolutionGuid = {7D4B0742-0E5E-47C6-9D09-B9A0E50D3179}
	EndGlobalSection
EndGlobal
